// !$*UTF8*$!
{
	archiveVersion = 1;
	classes = {
	};
	objectVersion = 110;
	objects = {

/* Begin PBXContainerItemProxy section */
		AAAB25673063D32700E5A8F6 /* PBXContainerItemProxy */ = {
			isa = PBXContainerItemProxy;
			containerPortal = AAAB25513063D32500E5A8F6 /* Project object */;
			proxyType = 1;
			remoteGlobalIDString = AAAB25583063D32500E5A8F6;
			remoteInfo = DigidentityIOSChallengue;
		};
		AAAB25713063D32700E5A8F6 /* PBXContainerItemProxy */ = {
			isa = PBXContainerItemProxy;
			containerPortal = AAAB25513063D32500E5A8F6 /* Project object */;
			proxyType = 1;
			remoteGlobalIDString = AAAB25583063D32500E5A8F6;
			remoteInfo = DigidentityIOSChallengue;
		};
/* End PBXContainerItemProxy section */

/* Begin PBXFileReference section */
		AAAB25593063D32500E5A8F6 /* DigidentityIOSChallengue.app */ = {isa = PBXFileReference; explicitFileType = wrapper.application; includeInIndex = 0; path = DigidentityIOSChallengue.app; sourceTree = BUILT_PRODUCTS_DIR; };
		AAAB25663063D32700E5A8F6 /* DigidentityIOSChallengueTests.xctest */ = {isa = PBXFileReference; explicitFileType = wrapper.cfbundle; includeInIndex = 0; path = DigidentityIOSChallengueTests.xctest; sourceTree = BUILT_PRODUCTS_DIR; };
		AAAB25703063D32700E5A8F6 /* DigidentityIOSChallengueUITests.xctest */ = {isa = PBXFileReference; explicitFileType = wrapper.cfbundle; includeInIndex = 0; path = DigidentityIOSChallengueUITests.xctest; sourceTree = BUILT_PRODUCTS_DIR; };
		AAAB25A03063D32700E5A8F6 /* App.xcconfig */ = {isa = PBXFileReference; lastKnownFileType = text.xcconfig; path = App.xcconfig; sourceTree = "<group>"; };
		AAAB25A13063D32700E5A8F6 /* Secrets.example.xcconfig */ = {isa = PBXFileReference; lastKnownFileType = text.xcconfig; path = Secrets.example.xcconfig; sourceTree = "<group>"; };
		AAAB25A23063D32700E5A8F6 /* Info.plist */ = {isa = PBXFileReference; lastKnownFileType = text.plist.xml; path = Info.plist; sourceTree = "<group>"; };
/* End PBXFileReference section */

/* Begin PBXFileSystemSynchronizedBuildFileExceptionSet section */
		AAAB25903063D32700E5A8F6 /* Exceptions for "DigidentityIOSChallengue" folder in "DigidentityIOSChallengue" target */ = {
			isa = PBXFileSystemSynchronizedBuildFileExceptionSet;
			membershipExceptions = (
				Data/.gitkeep,
				DI/.gitkeep,
				Presentation/.gitkeep,
			);
			target = AAAB25583063D32500E5A8F6 /* DigidentityIOSChallengue */;
		};
		AAAB25913063D32700E5A8F6 /* Exceptions for "DigidentityIOSChallengueTests" folder in "DigidentityIOSChallengueTests" target */ = {
			isa = PBXFileSystemSynchronizedBuildFileExceptionSet;
			membershipExceptions = (
				Data/.gitkeep,
				Presentation/.gitkeep,
			);
			target = AAAB25653063D32700E5A8F6 /* DigidentityIOSChallengueTests */;
		};
		AAAB25923063D32700E5A8F6 /* Exceptions for "DigidentityIOSChallengueUITests" folder in "DigidentityIOSChallengueUITests" target */ = {
			isa = PBXFileSystemSynchronizedBuildFileExceptionSet;
			membershipExceptions = (
				.gitkeep,
			);
			target = AAAB256F3063D32700E5A8F6 /* DigidentityIOSChallengueUITests */;
		};
/* End PBXFileSystemSynchronizedBuildFileExceptionSet section */

/* Begin PBXFileSystemSynchronizedRootGroup section */
		AAAB255B3063D32500E5A8F6 /* DigidentityIOSChallengue */ = {
			isa = PBXFileSystemSynchronizedRootGroup;
			exceptions = (
				AAAB25903063D32700E5A8F6 /* Exceptions for "DigidentityIOSChallengue" folder in "DigidentityIOSChallengue" target */,
			);
			path = DigidentityIOSChallengue;
			sourceTree = "<group>";
		};
		AAAB25693063D32700E5A8F6 /* DigidentityIOSChallengueTests */ = {
			isa = PBXFileSystemSynchronizedRootGroup;
			exceptions = (
				AAAB25913063D32700E5A8F6 /* Exceptions for "DigidentityIOSChallengueTests" folder in "DigidentityIOSChallengueTests" target */,
			);
			path = DigidentityIOSChallengueTests;
			sourceTree = "<group>";
		};
		AAAB25733063D32700E5A8F6 /* DigidentityIOSChallengueUITests */ = {
			isa = PBXFileSystemSynchronizedRootGroup;
			exceptions = (
				AAAB25923063D32700E5A8F6 /* Exceptions for "DigidentityIOSChallengueUITests" folder in "DigidentityIOSChallengueUITests" target */,
			);
			path = DigidentityIOSChallengueUITests;
			sourceTree = "<group>";
		};
/* End PBXFileSystemSynchronizedRootGroup section */

/* Begin PBXFrameworksBuildPhase section */
		AAAB25563063D32500E5A8F6 /* Frameworks */ = {
			isa = PBXFrameworksBuildPhase;
			files = (
			);
		};
		AAAB25633063D32700E5A8F6 /* Frameworks */ = {
			isa = PBXFrameworksBuildPhase;
			files = (
			);
		};
		AAAB256D3063D32700E5A8F6 /* Frameworks */ = {
			isa = PBXFrameworksBuildPhase;
			files = (
			);
		};
/* End PBXFrameworksBuildPhase section */

/* Begin PBXGroup section */
		AAAB25503063D32500E5A8F6 = {
			isa = PBXGroup;
			children = (
				AAAB25A33063D32700E5A8F6 /* Config */,
				AAAB255B3063D32500E5A8F6 /* DigidentityIOSChallengue */,
				AAAB25693063D32700E5A8F6 /* DigidentityIOSChallengueTests */,
				AAAB25733063D32700E5A8F6 /* DigidentityIOSChallengueUITests */,
				AAAB255A3063D32500E5A8F6 /* Products */,
			);
			sourceTree = "<group>";
		};
		AAAB255A3063D32500E5A8F6 /* Products */ = {
			isa = PBXGroup;
			children = (
				AAAB25593063D32500E5A8F6 /* DigidentityIOSChallengue.app */,
				AAAB25663063D32700E5A8F6 /* DigidentityIOSChallengueTests.xctest */,
				AAAB25703063D32700E5A8F6 /* DigidentityIOSChallengueUITests.xctest */,
			);
			name = Products;
			sourceTree = "<group>";
		};
		AAAB25A33063D32700E5A8F6 /* Config */ = {
			isa = PBXGroup;
			children = (
				AAAB25A03063D32700E5A8F6 /* App.xcconfig */,
				AAAB25A13063D32700E5A8F6 /* Secrets.example.xcconfig */,
				AAAB25A23063D32700E5A8F6 /* Info.plist */,
			);
			path = Config;
			sourceTree = "<group>";
		};
/* End PBXGroup section */

/* Begin PBXNativeTarget section */
		AAAB25583063D32500E5A8F6 /* DigidentityIOSChallengue */ = {
			isa = PBXNativeTarget;
			buildConfigurationList = AAAB25783063D32700E5A8F6 /* Build configuration list for PBXNativeTarget "DigidentityIOSChallengue" */;
			buildPhases = (
				AAAB25553063D32500E5A8F6 /* Sources */,
				AAAB25563063D32500E5A8F6 /* Frameworks */,
				AAAB25573063D32500E5A8F6 /* Resources */,
			);
			buildRules = (
			);
			fileSystemSynchronizedGroups = (
				AAAB255B3063D32500E5A8F6 /* DigidentityIOSChallengue */,
			);
			name = DigidentityIOSChallengue;
			productName = DigidentityIOSChallengue;
			productReference = AAAB25593063D32500E5A8F6 /* DigidentityIOSChallengue.app */;
			productType = "com.apple.product-type.application";
		};
		AAAB25653063D32700E5A8F6 /* DigidentityIOSChallengueTests */ = {
			isa = PBXNativeTarget;
			buildConfigurationList = AAAB257B3063D32700E5A8F6 /* Build configuration list for PBXNativeTarget "DigidentityIOSChallengueTests" */;
			buildPhases = (
				AAAB25623063D32700E5A8F6 /* Sources */,
				AAAB25633063D32700E5A8F6 /* Frameworks */,
				AAAB25643063D32700E5A8F6 /* Resources */,
			);
			buildRules = (
			);
			dependencies = (
				AAAB25683063D32700E5A8F6 /* PBXTargetDependency */,
			);
			fileSystemSynchronizedGroups = (
				AAAB25693063D32700E5A8F6 /* DigidentityIOSChallengueTests */,
			);
			name = DigidentityIOSChallengueTests;
			productName = DigidentityIOSChallengueTests;
			productReference = AAAB25663063D32700E5A8F6 /* DigidentityIOSChallengueTests.xctest */;
			productType = "com.apple.product-type.bundle.unit-test";
		};
		AAAB256F3063D32700E5A8F6 /* DigidentityIOSChallengueUITests */ = {
			isa = PBXNativeTarget;
			buildConfigurationList = AAAB257E3063D32700E5A8F6 /* Build configuration list for PBXNativeTarget "DigidentityIOSChallengueUITests" */;
			buildPhases = (
				AAAB256C3063D32700E5A8F6 /* Sources */,
				AAAB256D3063D32700E5A8F6 /* Frameworks */,
				AAAB256E3063D32700E5A8F6 /* Resources */,
			);
			buildRules = (
			);
			dependencies = (
				AAAB25723063D32700E5A8F6 /* PBXTargetDependency */,
			);
			fileSystemSynchronizedGroups = (
				AAAB25733063D32700E5A8F6 /* DigidentityIOSChallengueUITests */,
			);
			name = DigidentityIOSChallengueUITests;
			productName = DigidentityIOSChallengueUITests;
			productReference = AAAB25703063D32700E5A8F6 /* DigidentityIOSChallengueUITests.xctest */;
			productType = "com.apple.product-type.bundle.ui-testing";
		};
/* End PBXNativeTarget section */

/* Begin PBXProject section */
		AAAB25513063D32500E5A8F6 /* Project object */ = {
			isa = PBXProject;
			attributes = {
				BuildIndependentTargetsInParallel = 1;
				LastSwiftUpdateCheck = 2700;
				LastUpgradeCheck = 2700;
				TargetAttributes = {
					AAAB25583063D32500E5A8F6 = {
						CreatedOnToolsVersion = 27.0;
					};
					AAAB25653063D32700E5A8F6 = {
						CreatedOnToolsVersion = 27.0;
						TestTargetID = AAAB25583063D32500E5A8F6;
					};
					AAAB256F3063D32700E5A8F6 = {
						CreatedOnToolsVersion = 27.0;
						TestTargetID = AAAB25583063D32500E5A8F6;
					};
				};
			};
			buildConfigurationList = AAAB25543063D32500E5A8F6 /* Build configuration list for PBXProject "DigidentityIOSChallengue" */;
			developmentRegion = en;
			hasScannedForEncodings = 0;
			knownRegions = (
				en,
				Base,
			);
			mainGroup = AAAB25503063D32500E5A8F6;
			minimizedProjectReferenceProxies = 1;
			preferredProjectObjectVersion = 77;
			productRefGroup = AAAB255A3063D32500E5A8F6 /* Products */;
			projectDirPath = "";
			projectRoot = "";
			targets = (
				AAAB25583063D32500E5A8F6 /* DigidentityIOSChallengue */,
				AAAB25653063D32700E5A8F6 /* DigidentityIOSChallengueTests */,
				AAAB256F3063D32700E5A8F6 /* DigidentityIOSChallengueUITests */,
			);
		};
/* End PBXProject section */

/* Begin PBXResourcesBuildPhase section */
		AAAB25573063D32500E5A8F6 /* Resources */ = {
			isa = PBXResourcesBuildPhase;
			files = (
			);
		};
		AAAB25643063D32700E5A8F6 /* Resources */ = {
			isa = PBXResourcesBuildPhase;
			files = (
			);
		};
		AAAB256E3063D32700E5A8F6 /* Resources */ = {
			isa = PBXResourcesBuildPhase;
			files = (
			);
		};
/* End PBXResourcesBuildPhase section */

/* Begin PBXSourcesBuildPhase section */
		AAAB25553063D32500E5A8F6 /* Sources */ = {
			isa = PBXSourcesBuildPhase;
			files = (
			);
		};
		AAAB25623063D32700E5A8F6 /* Sources */ = {
			isa = PBXSourcesBuildPhase;
			files = (
			);
		};
		AAAB256C3063D32700E5A8F6 /* Sources */ = {
			isa = PBXSourcesBuildPhase;
			files = (
			);
		};
/* End PBXSourcesBuildPhase section */

/* Begin PBXTargetDependency section */
		AAAB25683063D32700E5A8F6 /* PBXTargetDependency */ = {
			isa = PBXTargetDependency;
			target = AAAB25583063D32500E5A8F6 /* DigidentityIOSChallengue */;
			targetProxy = AAAB25673063D32700E5A8F6 /* PBXContainerItemProxy */;
		};
		AAAB25723063D32700E5A8F6 /* PBXTargetDependency */ = {
			isa = PBXTargetDependency;
			target = AAAB25583063D32500E5A8F6 /* DigidentityIOSChallengue */;
			targetProxy = AAAB25713063D32700E5A8F6 /* PBXContainerItemProxy */;
		};
/* End PBXTargetDependency section */

/* Begin XCBuildConfiguration section */
		AAAB25763063D32700E5A8F6 /* Debug configuration for PBXProject "DigidentityIOSChallengue" */ = {
			isa = XCBuildConfiguration;
			buildSettings = {
				ALWAYS_SEARCH_USER_PATHS = NO;
				ASSETCATALOG_COMPILER_GENERATE_SWIFT_ASSET_SYMBOL_EXTENSIONS = YES;
				CLANG_ANALYZER_NONNULL = YES;
				CLANG_ANALYZER_NUMBER_OBJECT_CONVERSION = YES_AGGRESSIVE;
				CLANG_CXX_LANGUAGE_STANDARD = "gnu++20";
				CLANG_ENABLE_MODULES = YES;
				CLANG_ENABLE_OBJC_ARC = YES;
				CLANG_ENABLE_OBJC_WEAK = YES;
				CLANG_WARN_BLOCK_CAPTURE_AUTORELEASING = YES;
				CLANG_WARN_BOOL_CONVERSION = YES;
				CLANG_WARN_COMMA = YES;
				CLANG_WARN_CONSTANT_CONVERSION = YES;
				CLANG_WARN_DEPRECATED_OBJC_IMPLEMENTATIONS = YES;
				CLANG_WARN_DIRECT_OBJC_ISA_USAGE = YES_ERROR;
				CLANG_WARN_DOCUMENTATION_COMMENTS = YES;
				CLANG_WARN_EMPTY_BODY = YES;
				CLANG_WARN_ENUM_CONVERSION = YES;
				CLANG_WARN_INFINITE_RECURSION = YES;
				CLANG_WARN_INT_CONVERSION = YES;
				CLANG_WARN_NON_LITERAL_NULL_CONVERSION = YES;
				CLANG_WARN_OBJC_IMPLICIT_RETAIN_SELF = YES;
				CLANG_WARN_OBJC_LITERAL_CONVERSION = YES;
				CLANG_WARN_OBJC_ROOT_CLASS = YES_ERROR;
				CLANG_WARN_QUOTED_INCLUDE_IN_FRAMEWORK_HEADER = YES;
				CLANG_WARN_RANGE_LOOP_ANALYSIS = YES;
				CLANG_WARN_STRICT_PROTOTYPES = YES;
				CLANG_WARN_SUSPICIOUS_MOVE = YES;
				CLANG_WARN_UNGUARDED_AVAILABILITY = YES_AGGRESSIVE;
				CLANG_WARN_UNREACHABLE_CODE = YES;
				CLANG_WARN__DUPLICATE_METHOD_MATCH = YES;
				COPY_PHASE_STRIP = NO;
				DEBUG_INFORMATION_FORMAT = dwarf;
				ENABLE_STRICT_OBJC_MSGSEND = YES;
				ENABLE_TESTABILITY = YES;
				ENABLE_USER_SCRIPT_SANDBOXING = YES;
				GCC_C_LANGUAGE_STANDARD = gnu17;
				GCC_DYNAMIC_NO_PIC = NO;
				GCC_NO_COMMON_BLOCKS = YES;
				GCC_OPTIMIZATION_LEVEL = 0;
				GCC_PREPROCESSOR_DEFINITIONS = (
					"DEBUG=1",
					"$(inherited)",
				);
				GCC_WARN_64_TO_32_BIT_CONVERSION = YES;
				GCC_WARN_ABOUT_RETURN_TYPE = YES_ERROR;
				GCC_WARN_UNDECLARED_SELECTOR = YES;
				GCC_WARN_UNINITIALIZED_AUTOS = YES_AGGRESSIVE;
				GCC_WARN_UNUSED_FUNCTION = YES;
				GCC_WARN_UNUSED_VARIABLE = YES;
				IPHONEOS_DEPLOYMENT_TARGET = 27.0;
				LOCALIZATION_PREFERS_STRING_CATALOGS = YES;
				MTL_ENABLE_DEBUG_INFO = INCLUDE_SOURCE;
				MTL_FAST_MATH = YES;
				ONLY_ACTIVE_ARCH = YES;
				SDKROOT = iphoneos;
				SWIFT_ACTIVE_COMPILATION_CONDITIONS = "DEBUG $(inherited)";
				SWIFT_OPTIMIZATION_LEVEL = "-Onone";
			};
			name = Debug;
		};
		AAAB25773063D32700E5A8F6 /* Release configuration for PBXProject "DigidentityIOSChallengue" */ = {
			isa = XCBuildConfiguration;
			buildSettings = {
				ALWAYS_SEARCH_USER_PATHS = NO;
				ASSETCATALOG_COMPILER_GENERATE_SWIFT_ASSET_SYMBOL_EXTENSIONS = YES;
				CLANG_ANALYZER_NONNULL = YES;
				CLANG_ANALYZER_NUMBER_OBJECT_CONVERSION = YES_AGGRESSIVE;
				CLANG_CXX_LANGUAGE_STANDARD = "gnu++20";
				CLANG_ENABLE_MODULES = YES;
				CLANG_ENABLE_OBJC_ARC = YES;
				CLANG_ENABLE_OBJC_WEAK = YES;
				CLANG_WARN_BLOCK_CAPTURE_AUTORELEASING = YES;
				CLANG_WARN_BOOL_CONVERSION = YES;
				CLANG_WARN_COMMA = YES;
				CLANG_WARN_CONSTANT_CONVERSION = YES;
				CLANG_WARN_DEPRECATED_OBJC_IMPLEMENTATIONS = YES;
				CLANG_WARN_DIRECT_OBJC_ISA_USAGE = YES_ERROR;
				CLANG_WARN_DOCUMENTATION_COMMENTS = YES;
				CLANG_WARN_EMPTY_BODY = YES;
				CLANG_WARN_ENUM_CONVERSION = YES;
				CLANG_WARN_INFINITE_RECURSION = YES;
				CLANG_WARN_INT_CONVERSION = YES;
				CLANG_WARN_NON_LITERAL_NULL_CONVERSION = YES;
				CLANG_WARN_OBJC_IMPLICIT_RETAIN_SELF = YES;
				CLANG_WARN_OBJC_LITERAL_CONVERSION = YES;
				CLANG_WARN_OBJC_ROOT_CLASS = YES_ERROR;
				CLANG_WARN_QUOTED_INCLUDE_IN_FRAMEWORK_HEADER = YES;
				CLANG_WARN_RANGE_LOOP_ANALYSIS = YES;
				CLANG_WARN_STRICT_PROTOTYPES = YES;
				CLANG_WARN_SUSPICIOUS_MOVE = YES;
				CLANG_WARN_UNGUARDED_AVAILABILITY = YES_AGGRESSIVE;
				CLANG_WARN_UNREACHABLE_CODE = YES;
				CLANG_WARN__DUPLICATE_METHOD_MATCH = YES;
				COPY_PHASE_STRIP = NO;
				DEBUG_INFORMATION_FORMAT = "dwarf-with-dsym";
				ENABLE_NS_ASSERTIONS = NO;
				ENABLE_STRICT_OBJC_MSGSEND = YES;
				ENABLE_USER_SCRIPT_SANDBOXING = YES;
				GCC_C_LANGUAGE_STANDARD = gnu17;
				GCC_NO_COMMON_BLOCKS = YES;
				GCC_WARN_64_TO_32_BIT_CONVERSION = YES;
				GCC_WARN_ABOUT_RETURN_TYPE = YES_ERROR;
				GCC_WARN_UNDECLARED_SELECTOR = YES;
				GCC_WARN_UNINITIALIZED_AUTOS = YES_AGGRESSIVE;
				GCC_WARN_UNUSED_FUNCTION = YES;
				GCC_WARN_UNUSED_VARIABLE = YES;
				IPHONEOS_DEPLOYMENT_TARGET = 27.0;
				LOCALIZATION_PREFERS_STRING_CATALOGS = YES;
				MTL_ENABLE_DEBUG_INFO = NO;
				MTL_FAST_MATH = YES;
				SDKROOT = iphoneos;
				SWIFT_COMPILATION_MODE = wholemodule;
				VALIDATE_PRODUCT = YES;
			};
			name = Release;
		};
		AAAB25793063D32700E5A8F6 /* Debug configuration for PBXNativeTarget "DigidentityIOSChallengue" */ = {
			isa = XCBuildConfiguration;
			baseConfigurationReference = AAAB25A03063D32700E5A8F6 /* App.xcconfig */;
			buildSettings = {
				ASSETCATALOG_COMPILER_APPICON_NAME = AppIcon;
				ASSETCATALOG_COMPILER_GLOBAL_ACCENT_COLOR_NAME = AccentColor;
				CODE_SIGN_STYLE = Automatic;
				CURRENT_PROJECT_VERSION = 1;
				ENABLE_PREVIEWS = YES;
				GENERATE_INFOPLIST_FILE = YES;
				INFOPLIST_FILE = Config/Info.plist;
				INFOPLIST_KEY_UIApplicationSceneManifest_Generation = YES;
				INFOPLIST_KEY_UIApplicationSupportsIndirectInputEvents = YES;
				INFOPLIST_KEY_UILaunchScreen_Generation = YES;
				INFOPLIST_KEY_UISupportedInterfaceOrientations_iPad = "UIInterfaceOrientationPortrait UIInterfaceOrientationPortraitUpsideDown UIInterfaceOrientationLandscapeLeft UIInterfaceOrientationLandscapeRight";
				INFOPLIST_KEY_UISupportedInterfaceOrientations_iPhone = "UIInterfaceOrientationPortrait UIInterfaceOrientationLandscapeLeft UIInterfaceOrientationLandscapeRight";
				LD_RUNPATH_SEARCH_PATHS = (
					"$(inherited)",
					"@executable_path/Frameworks",
				);
				MARKETING_VERSION = 1.0;
				PRODUCT_BUNDLE_IDENTIFIER = test.solera.DigidentityIOSChallengue;
				PRODUCT_NAME = "$(TARGET_NAME)";
				STRING_CATALOG_GENERATE_SYMBOLS = YES;
				SWIFT_APPROACHABLE_CONCURRENCY = YES;
				SWIFT_EMIT_LOC_STRINGS = YES;
				SWIFT_UPCOMING_FEATURE_MEMBER_IMPORT_VISIBILITY = YES;
				SWIFT_VERSION = 6.0;
				TARGETED_DEVICE_FAMILY = "1,2";
			};
			name = Debug;
		};
		AAAB257A3063D32700E5A8F6 /* Release configuration for PBXNativeTarget "DigidentityIOSChallengue" */ = {
			isa = XCBuildConfiguration;
			baseConfigurationReference = AAAB25A03063D32700E5A8F6 /* App.xcconfig */;
			buildSettings = {
				ASSETCATALOG_COMPILER_APPICON_NAME = AppIcon;
				ASSETCATALOG_COMPILER_GLOBAL_ACCENT_COLOR_NAME = AccentColor;
				CODE_SIGN_STYLE = Automatic;
				CURRENT_PROJECT_VERSION = 1;
				ENABLE_PREVIEWS = YES;
				GENERATE_INFOPLIST_FILE = YES;
				INFOPLIST_FILE = Config/Info.plist;
				INFOPLIST_KEY_UIApplicationSceneManifest_Generation = YES;
				INFOPLIST_KEY_UIApplicationSupportsIndirectInputEvents = YES;
				INFOPLIST_KEY_UILaunchScreen_Generation = YES;
				INFOPLIST_KEY_UISupportedInterfaceOrientations_iPad = "UIInterfaceOrientationPortrait UIInterfaceOrientationPortraitUpsideDown UIInterfaceOrientationLandscapeLeft UIInterfaceOrientationLandscapeRight";
				INFOPLIST_KEY_UISupportedInterfaceOrientations_iPhone = "UIInterfaceOrientationPortrait UIInterfaceOrientationLandscapeLeft UIInterfaceOrientationLandscapeRight";
				LD_RUNPATH_SEARCH_PATHS = (
					"$(inherited)",
					"@executable_path/Frameworks",
				);
				MARKETING_VERSION = 1.0;
				PRODUCT_BUNDLE_IDENTIFIER = test.solera.DigidentityIOSChallengue;
				PRODUCT_NAME = "$(TARGET_NAME)";
				STRING_CATALOG_GENERATE_SYMBOLS = YES;
				SWIFT_APPROACHABLE_CONCURRENCY = YES;
				SWIFT_EMIT_LOC_STRINGS = YES;
				SWIFT_UPCOMING_FEATURE_MEMBER_IMPORT_VISIBILITY = YES;
				SWIFT_VERSION = 6.0;
				TARGETED_DEVICE_FAMILY = "1,2";
			};
			name = Release;
		};
		AAAB257C3063D32700E5A8F6 /* Debug configuration for PBXNativeTarget "DigidentityIOSChallengueTests" */ = {
			isa = XCBuildConfiguration;
			buildSettings = {
				BUNDLE_LOADER = "$(TEST_HOST)";
				CODE_SIGN_STYLE = Automatic;
				CURRENT_PROJECT_VERSION = 1;
				GENERATE_INFOPLIST_FILE = YES;
				IPHONEOS_DEPLOYMENT_TARGET = 27.0;
				MARKETING_VERSION = 1.0;
				PRODUCT_BUNDLE_IDENTIFIER = test.solera.DigidentityIOSChallengueTests;
				PRODUCT_NAME = "$(TARGET_NAME)";
				STRING_CATALOG_GENERATE_SYMBOLS = NO;
				SWIFT_APPROACHABLE_CONCURRENCY = YES;
				SWIFT_EMIT_LOC_STRINGS = NO;
				SWIFT_UPCOMING_FEATURE_MEMBER_IMPORT_VISIBILITY = YES;
				SWIFT_VERSION = 6.0;
				TARGETED_DEVICE_FAMILY = "1,2";
				TEST_HOST = "$(BUILT_PRODUCTS_DIR)/DigidentityIOSChallengue.app/$(BUNDLE_EXECUTABLE_FOLDER_PATH)/DigidentityIOSChallengue";
			};
			name = Debug;
		};
		AAAB257D3063D32700E5A8F6 /* Release configuration for PBXNativeTarget "DigidentityIOSChallengueTests" */ = {
			isa = XCBuildConfiguration;
			buildSettings = {
				BUNDLE_LOADER = "$(TEST_HOST)";
				CODE_SIGN_STYLE = Automatic;
				CURRENT_PROJECT_VERSION = 1;
				GENERATE_INFOPLIST_FILE = YES;
				IPHONEOS_DEPLOYMENT_TARGET = 27.0;
				MARKETING_VERSION = 1.0;
				PRODUCT_BUNDLE_IDENTIFIER = test.solera.DigidentityIOSChallengueTests;
				PRODUCT_NAME = "$(TARGET_NAME)";
				STRING_CATALOG_GENERATE_SYMBOLS = NO;
				SWIFT_APPROACHABLE_CONCURRENCY = YES;
				SWIFT_EMIT_LOC_STRINGS = NO;
				SWIFT_UPCOMING_FEATURE_MEMBER_IMPORT_VISIBILITY = YES;
				SWIFT_VERSION = 6.0;
				TARGETED_DEVICE_FAMILY = "1,2";
				TEST_HOST = "$(BUILT_PRODUCTS_DIR)/DigidentityIOSChallengue.app/$(BUNDLE_EXECUTABLE_FOLDER_PATH)/DigidentityIOSChallengue";
			};
			name = Release;
		};
		AAAB257F3063D32700E5A8F6 /* Debug configuration for PBXNativeTarget "DigidentityIOSChallengueUITests" */ = {
			isa = XCBuildConfiguration;
			buildSettings = {
				CODE_SIGN_STYLE = Automatic;
				CURRENT_PROJECT_VERSION = 1;
				GENERATE_INFOPLIST_FILE = YES;
				MARKETING_VERSION = 1.0;
				PRODUCT_BUNDLE_IDENTIFIER = test.solera.DigidentityIOSChallengueUITests;
				PRODUCT_NAME = "$(TARGET_NAME)";
				STRING_CATALOG_GENERATE_SYMBOLS = NO;
				SWIFT_APPROACHABLE_CONCURRENCY = YES;
				SWIFT_EMIT_LOC_STRINGS = NO;
				SWIFT_UPCOMING_FEATURE_MEMBER_IMPORT_VISIBILITY = YES;
				SWIFT_VERSION = 6.0;
				TARGETED_DEVICE_FAMILY = "1,2";
				TEST_TARGET_NAME = DigidentityIOSChallengue;
			};
			name = Debug;
		};
		AAAB25803063D32700E5A8F6 /* Release configuration for PBXNativeTarget "DigidentityIOSChallengueUITests" */ = {
			isa = XCBuildConfiguration;
			buildSettings = {
				CODE_SIGN_STYLE = Automatic;
				CURRENT_PROJECT_VERSION = 1;
				GENERATE_INFOPLIST_FILE = YES;
				MARKETING_VERSION = 1.0;
				PRODUCT_BUNDLE_IDENTIFIER = test.solera.DigidentityIOSChallengueUITests;
				PRODUCT_NAME = "$(TARGET_NAME)";
				STRING_CATALOG_GENERATE_SYMBOLS = NO;
				SWIFT_APPROACHABLE_CONCURRENCY = YES;
				SWIFT_EMIT_LOC_STRINGS = NO;
				SWIFT_UPCOMING_FEATURE_MEMBER_IMPORT_VISIBILITY = YES;
				SWIFT_VERSION = 6.0;
				TARGETED_DEVICE_FAMILY = "1,2";
				TEST_TARGET_NAME = DigidentityIOSChallengue;
			};
			name = Release;
		};
/* End XCBuildConfiguration section */

/* Begin XCConfigurationList section */
		AAAB25543063D32500E5A8F6 /* Build configuration list for PBXProject "DigidentityIOSChallengue" */ = {
			isa = XCConfigurationList;
			buildConfigurations = (
				AAAB25763063D32700E5A8F6 /* Debug configuration for PBXProject "DigidentityIOSChallengue" */,
				AAAB25773063D32700E5A8F6 /* Release configuration for PBXProject "DigidentityIOSChallengue" */,
			);
			defaultConfigurationName = Release;
		};
		AAAB25783063D32700E5A8F6 /* Build configuration list for PBXNativeTarget "DigidentityIOSChallengue" */ = {
			isa = XCConfigurationList;
			buildConfigurations = (
				AAAB25793063D32700E5A8F6 /* Debug configuration for PBXNativeTarget "DigidentityIOSChallengue" */,
				AAAB257A3063D32700E5A8F6 /* Release configuration for PBXNativeTarget "DigidentityIOSChallengue" */,
			);
			defaultConfigurationName = Release;
		};
		AAAB257B3063D32700E5A8F6 /* Build configuration list for PBXNativeTarget "DigidentityIOSChallengueTests" */ = {
			isa = XCConfigurationList;
			buildConfigurations = (
				AAAB257C3063D32700E5A8F6 /* Debug configuration for PBXNativeTarget "DigidentityIOSChallengueTests" */,
				AAAB257D3063D32700E5A8F6 /* Release configuration for PBXNativeTarget "DigidentityIOSChallengueTests" */,
			);
			defaultConfigurationName = Release;
		};
		AAAB257E3063D32700E5A8F6 /* Build configuration list for PBXNativeTarget "DigidentityIOSChallengueUITests" */ = {
			isa = XCConfigurationList;
			buildConfigurations = (
				AAAB257F3063D32700E5A8F6 /* Debug configuration for PBXNativeTarget "DigidentityIOSChallengueUITests" */,
				AAAB25803063D32700E5A8F6 /* Release configuration for PBXNativeTarget "DigidentityIOSChallengueUITests" */,
			);
			defaultConfigurationName = Release;
		};
/* End XCConfigurationList section */
	};
	rootObject = AAAB25513063D32500E5A8F6 /* Project object */;
	validationLevel = 1;
}
